
Microsoft Visual Studio Solution File, Format Version 12.00
# Visual Studio Version 17
VisualStudioVersion = 17.4.33103.184
MinimumVisualStudioVersion = 10.0.40219.1
Project("{FAE04EC0-301F-11D3-BF4B-00C04F79EFBC}") = "music_web_service1", "music_web_service1.csproj", "{998A9BF5-3F3B-43AC-A463-99049F6491B9}"
EndProject
Global
	GlobalSection(SolutionConfigurationPlatforms) = preSolution
		Debug|Any CPU = Debug|Any CPU
		Release|Any CPU = Release|Any CPU
	EndGlobalSection
	GlobalSection(ProjectConfigurationPlatforms) = postSolution
		{998A9BF5-3F3B-43AC-A463-99049F6491B9}.Debug|Any CPU.ActiveCfg = Debug|Any CPU
		{998A9BF5-3F3B-43AC-A463-99049F6491B9}.Debug|Any CPU.Build.0 = Debug|Any CPU
		{998A9BF5-3F3B-43AC-A463-99049F6491B9}.Release|Any CPU.ActiveCfg = Release|Any CPU
		{998A9BF5-3F3B-43AC-A463-99049F6491B9}.Release|Any CPU.Build.0 = Release|Any CPU
	EndGlobalSection
	GlobalSection(SolutionProperties) = preSolution
		HideSolutionNode = FALSE
	EndGlobalSection
	GlobalSection(ExtensibilityGlobals) = postSolution
		SolutionGuid = {48A57C71-DDF4-4015-8E28-D87E3839E6DF}
	EndGlobalSection
EndGlobal
